<?xml version="1.0" encoding="utf-8"?>
<Project ToolsVersion="4.0" xmlns="http://schemas.microsoft.com/developer/msbuild/2003">
  <ItemGroup>
    <ClCompile Include="Cube.cpp">
      <Filter>源文件</Filter>
    </ClCompile>
    <ClCompile Include="glad.c">
      <Filter>源文件</Filter>
    </ClCompile>
    <ClCompile Include="Object3D.cpp">
      <Filter>源文件</Filter>
    </ClCompile>
    <ClCompile Include="main.cpp">
      <Filter>源文件</Filter>
    </ClCompile>
    <ClCompile Include="Plane.cpp">
      <Filter>源文件</Filter>
    </ClCompile>
    <ClCompile Include="stb_image.cpp">
      <Filter>源文件</Filter>
    </ClCompile>
    <ClCompile Include="RubikCube.cpp">
      <Filter>源文件</Filter>
    </ClCompile>
    <ClCompile Include="SkyBox.cpp">
      <Filter>源文件</Filter>
    </ClCompile>
    <ClCompile Include="ObserverCamera.cpp">
      <Filter>源文件</Filter>
    </ClCompile>
  </ItemGroup>
  <ItemGroup>
    <ClInclude Include="Cube.h">
      <Filter>头文件</Filter>
    </ClInclude>
    <ClInclude Include="Light.h">
      <Filter>头文件</Filter>
    </ClInclude>
    <ClInclude Include="Object3D.h">
      <Filter>头文件</Filter>
    </ClInclude>
    <ClInclude Include="Plane.h">
      <Filter>头文件</Filter>
    </ClInclude>
    <ClInclude Include="RubikCube.h">
      <Filter>头文件</Filter>
    </ClInclude>
    <ClInclude Include="SkyBox.h">
      <Filter>头文件</Filter>
    </ClInclude>
    <ClInclude Include="ObserverCamera.h">
      <Filter>头文件</Filter>
    </ClInclude>
  </ItemGroup>
  <ItemGroup>
    <None Include="ShadowMap.fs">
      <Filter>Shader</Filter>
    </None>
    <None Include="ShadowMap.vs">
      <Filter>Shader</Filter>
    </None>
    <None Include="ShadowQuad.fs">
      <Filter>Shader</Filter>
    </None>
    <None Include="ShadowQuad.vs">
      <Filter>Shader</Filter>
    </None>
    <None Include="Skybox.fs">
      <Filter>Shader</Filter>
    </None>
    <None Include="Skybox.vs">
      <Filter>Shader</Filter>
    </None>
    <None Include="Light.fs">
      <Filter>Shader</Filter>
    </None>
    <None Include="light.vs">
      <Filter>Shader</Filter>
    </None>
    <None Include="Object.fs">
      <Filter>Shader</Filter>
    </None>
    <None Include="Object.vs">
      <Filter>Shader</Filter>
    </None>
    <None Include="SelectionMap.vs">
      <Filter>Shader</Filter>
    </None>
    <None Include="SelectionMap.fs">
      <Filter>Shader</Filter>
    </None>
  </ItemGroup>
  <ItemGroup>
    <Filter Include="Shader">
      <UniqueIdentifier>{8b890a7c-59fc-4756-afab-87d1af83dadb}</UniqueIdentifier>
    </Filter>
    <Filter Include="源文件">
      <UniqueIdentifier>{a229a2c3-6a79-485e-94de-d3bd9bfcaa16}</UniqueIdentifier>
    </Filter>
    <Filter Include="头文件">
      <UniqueIdentifier>{d5c52775-5a43-46cc-b80e-bfd41e064aad}</UniqueIdentifier>
    </Filter>
  </ItemGroup>
</Project>